
Microsoft Visual Studio Solution File, Format Version 12.00
# Visual Studio Version 17
VisualStudioVersion = 17.0.31903.59
MinimumVisualStudioVersion = 10.0.40219.1
Project("{2150E333-8FDC-42A3-9474-1A3956D46DE8}") = "tests", "tests", "{4646B99D-B0BB-4E59-95C1-8D624F9E329E}"
EndProject
Project("{FAE04EC0-301F-11D3-BF4B-00C04F79EFBC}") = "ExampleApi.Tests", "tests\ExampleApi.Tests\ExampleApi.Tests.csproj", "{AD73B511-5B2B-48E5-B6D5-372A72E3411F}"
EndProject
Project("{2150E333-8FDC-42A3-9474-1A3956D46DE8}") = "src", "src", "{B56A777D-2B3A-4651-9F9A-322A9AFFD46E}"
EndProject
Project("{FAE04EC0-301F-11D3-BF4B-00C04F79EFBC}") = "ExampleApi", "src\ExampleApi\ExampleApi.csproj", "{4FDFA4AE-4EB3-4587-889A-8EED30F90636}"
EndProject
Global
	GlobalSection(SolutionConfigurationPlatforms) = preSolution
		Debug|Any CPU = Debug|Any CPU
		Release|Any CPU = Release|Any CPU
	EndGlobalSection
	GlobalSection(SolutionProperties) = preSolution
		HideSolutionNode = FALSE
	EndGlobalSection
	GlobalSection(ProjectConfigurationPlatforms) = postSolution
		{AD73B511-5B2B-48E5-B6D5-372A72E3411F}.Debug|Any CPU.ActiveCfg = Debug|Any CPU
		{AD73B511-5B2B-48E5-B6D5-372A72E3411F}.Debug|Any CPU.Build.0 = Debug|Any CPU
		{AD73B511-5B2B-48E5-B6D5-372A72E3411F}.Release|Any CPU.ActiveCfg = Release|Any CPU
		{AD73B511-5B2B-48E5-B6D5-372A72E3411F}.Release|Any CPU.Build.0 = Release|Any CPU
		{4FDFA4AE-4EB3-4587-889A-8EED30F90636}.Debug|Any CPU.ActiveCfg = Debug|Any CPU
		{4FDFA4AE-4EB3-4587-889A-8EED30F90636}.Debug|Any CPU.Build.0 = Debug|Any CPU
		{4FDFA4AE-4EB3-4587-889A-8EED30F90636}.Release|Any CPU.ActiveCfg = Release|Any CPU
		{4FDFA4AE-4EB3-4587-889A-8EED30F90636}.Release|Any CPU.Build.0 = Release|Any CPU
	EndGlobalSection
	GlobalSection(NestedProjects) = preSolution
		{AD73B511-5B2B-48E5-B6D5-372A72E3411F} = {4646B99D-B0BB-4E59-95C1-8D624F9E329E}
		{4FDFA4AE-4EB3-4587-889A-8EED30F90636} = {B56A777D-2B3A-4651-9F9A-322A9AFFD46E}
	EndGlobalSection
EndGlobal
